
Microsoft Visual Studio Solution File, Format Version 12.00
# Visual Studio Version 17
VisualStudioVersion = 17.1.32421.90
MinimumVisualStudioVersion = 10.0.40219.1
Project("{FAE04EC0-301F-11D3-BF4B-00C04F79EFBC}") = "primeFunction", "primeFunction\primeFunction.csproj", "{E92A5ECF-C3FE-4291-883F-793E75216126}"
EndProject
Global
	GlobalSection(SolutionConfigurationPlatforms) = preSolution
		Debug|Any CPU = Debug|Any CPU
		Release|Any CPU = Release|Any CPU
	EndGlobalSection
	GlobalSection(ProjectConfigurationPlatforms) = postSolution
		{E92A5ECF-C3FE-4291-883F-793E75216126}.Debug|Any CPU.ActiveCfg = Debug|Any CPU
		{E92A5ECF-C3FE-4291-883F-793E75216126}.Debug|Any CPU.Build.0 = Debug|Any CPU
		{E92A5ECF-C3FE-4291-883F-793E75216126}.Release|Any CPU.ActiveCfg = Release|Any CPU
		{E92A5ECF-C3FE-4291-883F-793E75216126}.Release|Any CPU.Build.0 = Release|Any CPU
	EndGlobalSection
	GlobalSection(SolutionProperties) = preSolution
		HideSolutionNode = FALSE
	EndGlobalSection
	GlobalSection(ExtensibilityGlobals) = postSolution
		SolutionGuid = {5C044CD5-EF21-400C-8D68-82993616DE53}
	EndGlobalSection
EndGlobal
