
Microsoft Visual Studio Solution File, Format Version 12.00
# Visual Studio Version 17
VisualStudioVersion = 17.1.32421.90
MinimumVisualStudioVersion = 10.0.40219.1
Project("{FAE04EC0-301F-11D3-BF4B-00C04F79EFBC}") = "functionStringCount", "functionStringCount\functionStringCount.csproj", "{815E6D79-A40D-430C-A8D3-AD36C265083E}"
EndProject
Global
	GlobalSection(SolutionConfigurationPlatforms) = preSolution
		Debug|Any CPU = Debug|Any CPU
		Release|Any CPU = Release|Any CPU
	EndGlobalSection
	GlobalSection(ProjectConfigurationPlatforms) = postSolution
		{815E6D79-A40D-430C-A8D3-AD36C265083E}.Debug|Any CPU.ActiveCfg = Debug|Any CPU
		{815E6D79-A40D-430C-A8D3-AD36C265083E}.Debug|Any CPU.Build.0 = Debug|Any CPU
		{815E6D79-A40D-430C-A8D3-AD36C265083E}.Release|Any CPU.ActiveCfg = Release|Any CPU
		{815E6D79-A40D-430C-A8D3-AD36C265083E}.Release|Any CPU.Build.0 = Release|Any CPU
	EndGlobalSection
	GlobalSection(SolutionProperties) = preSolution
		HideSolutionNode = FALSE
	EndGlobalSection
	GlobalSection(ExtensibilityGlobals) = postSolution
		SolutionGuid = {54A6893D-BEE8-4A02-B34D-E6E06CA52A98}
	EndGlobalSection
EndGlobal
