
Microsoft Visual Studio Solution File, Format Version 12.00
# Visual Studio Version 17
VisualStudioVersion = 17.1.32421.90
MinimumVisualStudioVersion = 10.0.40219.1
Project("{FAE04EC0-301F-11D3-BF4B-00C04F79EFBC}") = "2dLeftDiagonalMaxMin", "2dLeftDiagonalMaxMin\2dLeftDiagonalMaxMin.csproj", "{47397F93-09D0-4218-B8BA-275A8BE14FAE}"
EndProject
Global
	GlobalSection(SolutionConfigurationPlatforms) = preSolution
		Debug|Any CPU = Debug|Any CPU
		Release|Any CPU = Release|Any CPU
	EndGlobalSection
	GlobalSection(ProjectConfigurationPlatforms) = postSolution
		{47397F93-09D0-4218-B8BA-275A8BE14FAE}.Debug|Any CPU.ActiveCfg = Debug|Any CPU
		{47397F93-09D0-4218-B8BA-275A8BE14FAE}.Debug|Any CPU.Build.0 = Debug|Any CPU
		{47397F93-09D0-4218-B8BA-275A8BE14FAE}.Release|Any CPU.ActiveCfg = Release|Any CPU
		{47397F93-09D0-4218-B8BA-275A8BE14FAE}.Release|Any CPU.Build.0 = Release|Any CPU
	EndGlobalSection
	GlobalSection(SolutionProperties) = preSolution
		HideSolutionNode = FALSE
	EndGlobalSection
	GlobalSection(ExtensibilityGlobals) = postSolution
		SolutionGuid = {A604078E-4338-4232-BBD1-6F84C9E29F95}
	EndGlobalSection
EndGlobal
