
Microsoft Visual Studio Solution File, Format Version 12.00
# Visual Studio Version 17
VisualStudioVersion = 17.1.32421.90
MinimumVisualStudioVersion = 10.0.40219.1
Project("{FAE04EC0-301F-11D3-BF4B-00C04F79EFBC}") = "2dSum", "2dSum\2dSum.csproj", "{1785CB10-8B4B-4530-B342-FBBFF008F8E4}"
EndProject
Global
	GlobalSection(SolutionConfigurationPlatforms) = preSolution
		Debug|Any CPU = Debug|Any CPU
		Release|Any CPU = Release|Any CPU
	EndGlobalSection
	GlobalSection(ProjectConfigurationPlatforms) = postSolution
		{1785CB10-8B4B-4530-B342-FBBFF008F8E4}.Debug|Any CPU.ActiveCfg = Debug|Any CPU
		{1785CB10-8B4B-4530-B342-FBBFF008F8E4}.Debug|Any CPU.Build.0 = Debug|Any CPU
		{1785CB10-8B4B-4530-B342-FBBFF008F8E4}.Release|Any CPU.ActiveCfg = Release|Any CPU
		{1785CB10-8B4B-4530-B342-FBBFF008F8E4}.Release|Any CPU.Build.0 = Release|Any CPU
	EndGlobalSection
	GlobalSection(SolutionProperties) = preSolution
		HideSolutionNode = FALSE
	EndGlobalSection
	GlobalSection(ExtensibilityGlobals) = postSolution
		SolutionGuid = {739FC947-4B3B-49F0-9971-009662E714C6}
	EndGlobalSection
EndGlobal
