
Microsoft Visual Studio Solution File, Format Version 12.00
# Visual Studio Version 17
VisualStudioVersion = 17.1.32421.90
MinimumVisualStudioVersion = 10.0.40219.1
Project("{FAE04EC0-301F-11D3-BF4B-00C04F79EFBC}") = "2dRightDiagonalSum", "2dRightDiagonalSum\2dRightDiagonalSum.csproj", "{DE865DBF-C1DD-49D2-B25A-4AA75E226DCB}"
EndProject
Global
	GlobalSection(SolutionConfigurationPlatforms) = preSolution
		Debug|Any CPU = Debug|Any CPU
		Release|Any CPU = Release|Any CPU
	EndGlobalSection
	GlobalSection(ProjectConfigurationPlatforms) = postSolution
		{DE865DBF-C1DD-49D2-B25A-4AA75E226DCB}.Debug|Any CPU.ActiveCfg = Debug|Any CPU
		{DE865DBF-C1DD-49D2-B25A-4AA75E226DCB}.Debug|Any CPU.Build.0 = Debug|Any CPU
		{DE865DBF-C1DD-49D2-B25A-4AA75E226DCB}.Release|Any CPU.ActiveCfg = Release|Any CPU
		{DE865DBF-C1DD-49D2-B25A-4AA75E226DCB}.Release|Any CPU.Build.0 = Release|Any CPU
	EndGlobalSection
	GlobalSection(SolutionProperties) = preSolution
		HideSolutionNode = FALSE
	EndGlobalSection
	GlobalSection(ExtensibilityGlobals) = postSolution
		SolutionGuid = {314F387A-C3CD-4D4E-ACF7-CCC0B1128A5E}
	EndGlobalSection
EndGlobal
