
Microsoft Visual Studio Solution File, Format Version 12.00
# Visual Studio Version 17
VisualStudioVersion = 17.1.32421.90
MinimumVisualStudioVersion = 10.0.40219.1
Project("{FAE04EC0-301F-11D3-BF4B-00C04F79EFBC}") = "char_Spec_Digit", "char_Spec_Digit\char_Spec_Digit.csproj", "{D1DFE195-CCE6-4889-AC98-5BDBA430F3CB}"
EndProject
Global
	GlobalSection(SolutionConfigurationPlatforms) = preSolution
		Debug|Any CPU = Debug|Any CPU
		Release|Any CPU = Release|Any CPU
	EndGlobalSection
	GlobalSection(ProjectConfigurationPlatforms) = postSolution
		{D1DFE195-CCE6-4889-AC98-5BDBA430F3CB}.Debug|Any CPU.ActiveCfg = Debug|Any CPU
		{D1DFE195-CCE6-4889-AC98-5BDBA430F3CB}.Debug|Any CPU.Build.0 = Debug|Any CPU
		{D1DFE195-CCE6-4889-AC98-5BDBA430F3CB}.Release|Any CPU.ActiveCfg = Release|Any CPU
		{D1DFE195-CCE6-4889-AC98-5BDBA430F3CB}.Release|Any CPU.Build.0 = Release|Any CPU
	EndGlobalSection
	GlobalSection(SolutionProperties) = preSolution
		HideSolutionNode = FALSE
	EndGlobalSection
	GlobalSection(ExtensibilityGlobals) = postSolution
		SolutionGuid = {6B49BE7F-80FE-405F-B986-059A234DD0F4}
	EndGlobalSection
EndGlobal
