
Microsoft Visual Studio Solution File, Format Version 12.00
# Visual Studio Version 17
VisualStudioVersion = 17.1.32421.90
MinimumVisualStudioVersion = 10.0.40219.1
Project("{FAE04EC0-301F-11D3-BF4B-00C04F79EFBC}") = "arm1", "arm1\arm1.csproj", "{8AD57B3D-A77C-4DC1-9D7A-4551769EA179}"
EndProject
Global
	GlobalSection(SolutionConfigurationPlatforms) = preSolution
		Debug|Any CPU = Debug|Any CPU
		Release|Any CPU = Release|Any CPU
	EndGlobalSection
	GlobalSection(ProjectConfigurationPlatforms) = postSolution
		{8AD57B3D-A77C-4DC1-9D7A-4551769EA179}.Debug|Any CPU.ActiveCfg = Debug|Any CPU
		{8AD57B3D-A77C-4DC1-9D7A-4551769EA179}.Debug|Any CPU.Build.0 = Debug|Any CPU
		{8AD57B3D-A77C-4DC1-9D7A-4551769EA179}.Release|Any CPU.ActiveCfg = Release|Any CPU
		{8AD57B3D-A77C-4DC1-9D7A-4551769EA179}.Release|Any CPU.Build.0 = Release|Any CPU
	EndGlobalSection
	GlobalSection(SolutionProperties) = preSolution
		HideSolutionNode = FALSE
	EndGlobalSection
	GlobalSection(ExtensibilityGlobals) = postSolution
		SolutionGuid = {965625C9-AFEB-4C7D-8F5C-E4145C4D8CE2}
	EndGlobalSection
EndGlobal
