
Microsoft Visual Studio Solution File, Format Version 12.00
# Visual Studio Version 17
VisualStudioVersion = 17.1.32421.90
MinimumVisualStudioVersion = 10.0.40219.1
Project("{FAE04EC0-301F-11D3-BF4B-00C04F79EFBC}") = "number pattern", "number pattern\number pattern.csproj", "{C8B42AA6-5EE8-4DC7-A790-958FBE519A59}"
EndProject
Global
	GlobalSection(SolutionConfigurationPlatforms) = preSolution
		Debug|Any CPU = Debug|Any CPU
		Release|Any CPU = Release|Any CPU
	EndGlobalSection
	GlobalSection(ProjectConfigurationPlatforms) = postSolution
		{C8B42AA6-5EE8-4DC7-A790-958FBE519A59}.Debug|Any CPU.ActiveCfg = Debug|Any CPU
		{C8B42AA6-5EE8-4DC7-A790-958FBE519A59}.Debug|Any CPU.Build.0 = Debug|Any CPU
		{C8B42AA6-5EE8-4DC7-A790-958FBE519A59}.Release|Any CPU.ActiveCfg = Release|Any CPU
		{C8B42AA6-5EE8-4DC7-A790-958FBE519A59}.Release|Any CPU.Build.0 = Release|Any CPU
	EndGlobalSection
	GlobalSection(SolutionProperties) = preSolution
		HideSolutionNode = FALSE
	EndGlobalSection
	GlobalSection(ExtensibilityGlobals) = postSolution
		SolutionGuid = {0194B15A-C134-4CE7-B402-CDBE6FB8C8B5}
	EndGlobalSection
EndGlobal
