
Microsoft Visual Studio Solution File, Format Version 12.00
# Visual Studio Version 17
VisualStudioVersion = 17.1.32421.90
MinimumVisualStudioVersion = 10.0.40219.1
Project("{FAE04EC0-301F-11D3-BF4B-00C04F79EFBC}") = "pattern1", "pattern1\pattern1.csproj", "{2AED78DD-D925-4FE9-B23C-018794E1E908}"
EndProject
Global
	GlobalSection(SolutionConfigurationPlatforms) = preSolution
		Debug|Any CPU = Debug|Any CPU
		Release|Any CPU = Release|Any CPU
	EndGlobalSection
	GlobalSection(ProjectConfigurationPlatforms) = postSolution
		{2AED78DD-D925-4FE9-B23C-018794E1E908}.Debug|Any CPU.ActiveCfg = Debug|Any CPU
		{2AED78DD-D925-4FE9-B23C-018794E1E908}.Debug|Any CPU.Build.0 = Debug|Any CPU
		{2AED78DD-D925-4FE9-B23C-018794E1E908}.Release|Any CPU.ActiveCfg = Release|Any CPU
		{2AED78DD-D925-4FE9-B23C-018794E1E908}.Release|Any CPU.Build.0 = Release|Any CPU
	EndGlobalSection
	GlobalSection(SolutionProperties) = preSolution
		HideSolutionNode = FALSE
	EndGlobalSection
	GlobalSection(ExtensibilityGlobals) = postSolution
		SolutionGuid = {AB89FF10-D6D9-4060-A97D-CFEE9DFB2A2F}
	EndGlobalSection
EndGlobal
