
Microsoft Visual Studio Solution File, Format Version 12.00
# Visual Studio Version 17
VisualStudioVersion = 17.1.32421.90
MinimumVisualStudioVersion = 10.0.40219.1
Project("{FAE04EC0-301F-11D3-BF4B-00C04F79EFBC}") = "ArrayPrimeNo", "ArrayPrimeNo\ArrayPrimeNo.csproj", "{6E2B12BE-16E3-4215-9D26-5236DD796CFA}"
EndProject
Global
	GlobalSection(SolutionConfigurationPlatforms) = preSolution
		Debug|Any CPU = Debug|Any CPU
		Release|Any CPU = Release|Any CPU
	EndGlobalSection
	GlobalSection(ProjectConfigurationPlatforms) = postSolution
		{6E2B12BE-16E3-4215-9D26-5236DD796CFA}.Debug|Any CPU.ActiveCfg = Debug|Any CPU
		{6E2B12BE-16E3-4215-9D26-5236DD796CFA}.Debug|Any CPU.Build.0 = Debug|Any CPU
		{6E2B12BE-16E3-4215-9D26-5236DD796CFA}.Release|Any CPU.ActiveCfg = Release|Any CPU
		{6E2B12BE-16E3-4215-9D26-5236DD796CFA}.Release|Any CPU.Build.0 = Release|Any CPU
	EndGlobalSection
	GlobalSection(SolutionProperties) = preSolution
		HideSolutionNode = FALSE
	EndGlobalSection
	GlobalSection(ExtensibilityGlobals) = postSolution
		SolutionGuid = {6E42E38C-32FC-447C-B33D-3DCDC45CDD31}
	EndGlobalSection
EndGlobal
