
Microsoft Visual Studio Solution File, Format Version 12.00
# Visual Studio Version 17
VisualStudioVersion = 17.1.32421.90
MinimumVisualStudioVersion = 10.0.40219.1
Project("{FAE04EC0-301F-11D3-BF4B-00C04F79EFBC}") = "marsksheet", "marsksheet\marsksheet.csproj", "{C5EA0556-D871-48C8-9053-534745BF0AEA}"
EndProject
Global
	GlobalSection(SolutionConfigurationPlatforms) = preSolution
		Debug|Any CPU = Debug|Any CPU
		Release|Any CPU = Release|Any CPU
	EndGlobalSection
	GlobalSection(ProjectConfigurationPlatforms) = postSolution
		{C5EA0556-D871-48C8-9053-534745BF0AEA}.Debug|Any CPU.ActiveCfg = Debug|Any CPU
		{C5EA0556-D871-48C8-9053-534745BF0AEA}.Debug|Any CPU.Build.0 = Debug|Any CPU
		{C5EA0556-D871-48C8-9053-534745BF0AEA}.Release|Any CPU.ActiveCfg = Release|Any CPU
		{C5EA0556-D871-48C8-9053-534745BF0AEA}.Release|Any CPU.Build.0 = Release|Any CPU
	EndGlobalSection
	GlobalSection(SolutionProperties) = preSolution
		HideSolutionNode = FALSE
	EndGlobalSection
	GlobalSection(ExtensibilityGlobals) = postSolution
		SolutionGuid = {68E41C11-1423-4085-A209-136379CEBC51}
	EndGlobalSection
EndGlobal
