
Microsoft Visual Studio Solution File, Format Version 12.00
# Visual Studio Version 17
VisualStudioVersion = 17.1.32421.90
MinimumVisualStudioVersion = 10.0.40219.1
Project("{FAE04EC0-301F-11D3-BF4B-00C04F79EFBC}") = "2dDiagonal", "2dDiagonal\2dDiagonal.csproj", "{FBDC9ED5-3272-468D-8479-CC5A0883DE4A}"
EndProject
Global
	GlobalSection(SolutionConfigurationPlatforms) = preSolution
		Debug|Any CPU = Debug|Any CPU
		Release|Any CPU = Release|Any CPU
	EndGlobalSection
	GlobalSection(ProjectConfigurationPlatforms) = postSolution
		{FBDC9ED5-3272-468D-8479-CC5A0883DE4A}.Debug|Any CPU.ActiveCfg = Debug|Any CPU
		{FBDC9ED5-3272-468D-8479-CC5A0883DE4A}.Debug|Any CPU.Build.0 = Debug|Any CPU
		{FBDC9ED5-3272-468D-8479-CC5A0883DE4A}.Release|Any CPU.ActiveCfg = Release|Any CPU
		{FBDC9ED5-3272-468D-8479-CC5A0883DE4A}.Release|Any CPU.Build.0 = Release|Any CPU
	EndGlobalSection
	GlobalSection(SolutionProperties) = preSolution
		HideSolutionNode = FALSE
	EndGlobalSection
	GlobalSection(ExtensibilityGlobals) = postSolution
		SolutionGuid = {70F923D6-B68C-4247-9229-C594FFE172CB}
	EndGlobalSection
EndGlobal
