
Microsoft Visual Studio Solution File, Format Version 12.00
# Visual Studio Version 17
VisualStudioVersion = 17.1.32421.90
MinimumVisualStudioVersion = 10.0.40219.1
Project("{FAE04EC0-301F-11D3-BF4B-00C04F79EFBC}") = "patternProgram", "patternProgram\patternProgram.csproj", "{1EDFE87D-23F9-4C16-948E-C3E554AA4D0D}"
EndProject
Global
	GlobalSection(SolutionConfigurationPlatforms) = preSolution
		Debug|Any CPU = Debug|Any CPU
		Release|Any CPU = Release|Any CPU
	EndGlobalSection
	GlobalSection(ProjectConfigurationPlatforms) = postSolution
		{1EDFE87D-23F9-4C16-948E-C3E554AA4D0D}.Debug|Any CPU.ActiveCfg = Debug|Any CPU
		{1EDFE87D-23F9-4C16-948E-C3E554AA4D0D}.Debug|Any CPU.Build.0 = Debug|Any CPU
		{1EDFE87D-23F9-4C16-948E-C3E554AA4D0D}.Release|Any CPU.ActiveCfg = Release|Any CPU
		{1EDFE87D-23F9-4C16-948E-C3E554AA4D0D}.Release|Any CPU.Build.0 = Release|Any CPU
	EndGlobalSection
	GlobalSection(SolutionProperties) = preSolution
		HideSolutionNode = FALSE
	EndGlobalSection
	GlobalSection(ExtensibilityGlobals) = postSolution
		SolutionGuid = {819C0B68-425A-469B-9C67-C56996842F93}
	EndGlobalSection
EndGlobal
