
Microsoft Visual Studio Solution File, Format Version 12.00
# Visual Studio Version 17
VisualStudioVersion = 17.1.32421.90
MinimumVisualStudioVersion = 10.0.40219.1
Project("{FAE04EC0-301F-11D3-BF4B-00C04F79EFBC}") = "No_Digit_Sum", "No_Digit_Sum\No_Digit_Sum.csproj", "{BAD05724-5242-4C49-9B4C-26C0B831605C}"
EndProject
Global
	GlobalSection(SolutionConfigurationPlatforms) = preSolution
		Debug|Any CPU = Debug|Any CPU
		Release|Any CPU = Release|Any CPU
	EndGlobalSection
	GlobalSection(ProjectConfigurationPlatforms) = postSolution
		{BAD05724-5242-4C49-9B4C-26C0B831605C}.Debug|Any CPU.ActiveCfg = Debug|Any CPU
		{BAD05724-5242-4C49-9B4C-26C0B831605C}.Debug|Any CPU.Build.0 = Debug|Any CPU
		{BAD05724-5242-4C49-9B4C-26C0B831605C}.Release|Any CPU.ActiveCfg = Release|Any CPU
		{BAD05724-5242-4C49-9B4C-26C0B831605C}.Release|Any CPU.Build.0 = Release|Any CPU
	EndGlobalSection
	GlobalSection(SolutionProperties) = preSolution
		HideSolutionNode = FALSE
	EndGlobalSection
	GlobalSection(ExtensibilityGlobals) = postSolution
		SolutionGuid = {C09AA6A4-6294-42BC-8AF5-2F30ABAE0615}
	EndGlobalSection
EndGlobal
