
Microsoft Visual Studio Solution File, Format Version 12.00
# Visual Studio Version 17
VisualStudioVersion = 17.1.32421.90
MinimumVisualStudioVersion = 10.0.40219.1
Project("{FAE04EC0-301F-11D3-BF4B-00C04F79EFBC}") = "Pattern", "Pattern\Pattern.csproj", "{9C5E4548-1DD3-4556-A302-25F30E2C9D59}"
EndProject
Global
	GlobalSection(SolutionConfigurationPlatforms) = preSolution
		Debug|Any CPU = Debug|Any CPU
		Release|Any CPU = Release|Any CPU
	EndGlobalSection
	GlobalSection(ProjectConfigurationPlatforms) = postSolution
		{9C5E4548-1DD3-4556-A302-25F30E2C9D59}.Debug|Any CPU.ActiveCfg = Debug|Any CPU
		{9C5E4548-1DD3-4556-A302-25F30E2C9D59}.Debug|Any CPU.Build.0 = Debug|Any CPU
		{9C5E4548-1DD3-4556-A302-25F30E2C9D59}.Release|Any CPU.ActiveCfg = Release|Any CPU
		{9C5E4548-1DD3-4556-A302-25F30E2C9D59}.Release|Any CPU.Build.0 = Release|Any CPU
	EndGlobalSection
	GlobalSection(SolutionProperties) = preSolution
		HideSolutionNode = FALSE
	EndGlobalSection
	GlobalSection(ExtensibilityGlobals) = postSolution
		SolutionGuid = {77A232C0-74A7-4E46-9A3A-D9F739E379E4}
	EndGlobalSection
EndGlobal
