
Microsoft Visual Studio Solution File, Format Version 12.00
# Visual Studio Version 17
VisualStudioVersion = 17.1.32421.90
MinimumVisualStudioVersion = 10.0.40219.1
Project("{FAE04EC0-301F-11D3-BF4B-00C04F79EFBC}") = "arrayAppend", "arrayAppend\arrayAppend.csproj", "{AB508786-7592-4B39-9788-3EF424DF6C23}"
EndProject
Global
	GlobalSection(SolutionConfigurationPlatforms) = preSolution
		Debug|Any CPU = Debug|Any CPU
		Release|Any CPU = Release|Any CPU
	EndGlobalSection
	GlobalSection(ProjectConfigurationPlatforms) = postSolution
		{AB508786-7592-4B39-9788-3EF424DF6C23}.Debug|Any CPU.ActiveCfg = Debug|Any CPU
		{AB508786-7592-4B39-9788-3EF424DF6C23}.Debug|Any CPU.Build.0 = Debug|Any CPU
		{AB508786-7592-4B39-9788-3EF424DF6C23}.Release|Any CPU.ActiveCfg = Release|Any CPU
		{AB508786-7592-4B39-9788-3EF424DF6C23}.Release|Any CPU.Build.0 = Release|Any CPU
	EndGlobalSection
	GlobalSection(SolutionProperties) = preSolution
		HideSolutionNode = FALSE
	EndGlobalSection
	GlobalSection(ExtensibilityGlobals) = postSolution
		SolutionGuid = {97DCD8D5-923A-4C64-ADEB-95E50D61F446}
	EndGlobalSection
EndGlobal
