
Microsoft Visual Studio Solution File, Format Version 12.00
# Visual Studio Version 17
VisualStudioVersion = 17.1.32421.90
MinimumVisualStudioVersion = 10.0.40219.1
Project("{FAE04EC0-301F-11D3-BF4B-00C04F79EFBC}") = "letter pattern", "letter pattern\letter pattern.csproj", "{79AF3966-C08B-4F4D-B1E3-45A94438D15E}"
EndProject
Global
	GlobalSection(SolutionConfigurationPlatforms) = preSolution
		Debug|Any CPU = Debug|Any CPU
		Release|Any CPU = Release|Any CPU
	EndGlobalSection
	GlobalSection(ProjectConfigurationPlatforms) = postSolution
		{79AF3966-C08B-4F4D-B1E3-45A94438D15E}.Debug|Any CPU.ActiveCfg = Debug|Any CPU
		{79AF3966-C08B-4F4D-B1E3-45A94438D15E}.Debug|Any CPU.Build.0 = Debug|Any CPU
		{79AF3966-C08B-4F4D-B1E3-45A94438D15E}.Release|Any CPU.ActiveCfg = Release|Any CPU
		{79AF3966-C08B-4F4D-B1E3-45A94438D15E}.Release|Any CPU.Build.0 = Release|Any CPU
	EndGlobalSection
	GlobalSection(SolutionProperties) = preSolution
		HideSolutionNode = FALSE
	EndGlobalSection
	GlobalSection(ExtensibilityGlobals) = postSolution
		SolutionGuid = {80FF8C99-08EE-4624-B12B-A38B948B4FE7}
	EndGlobalSection
EndGlobal
